
Microsoft Visual Studio Solution File, Format Version 12.00
# Visual Studio Version 17
VisualStudioVersion = 17.3.32929.385
MinimumVisualStudioVersion = 10.0.40219.1
Project("{FAE04EC0-301F-11D3-BF4B-00C04F79EFBC}") = "Food_Scape", "Food_Scape.csproj", "{B5D6057B-A7BA-4053-886D-ACF8E8813B1B}"
EndProject
Global
	GlobalSection(SolutionConfigurationPlatforms) = preSolution
		Debug|Any CPU = Debug|Any CPU
		Release|Any CPU = Release|Any CPU
	EndGlobalSection
	GlobalSection(ProjectConfigurationPlatforms) = postSolution
		{B5D6057B-A7BA-4053-886D-ACF8E8813B1B}.Debug|Any CPU.ActiveCfg = Debug|Any CPU
		{B5D6057B-A7BA-4053-886D-ACF8E8813B1B}.Debug|Any CPU.Build.0 = Debug|Any CPU
		{B5D6057B-A7BA-4053-886D-ACF8E8813B1B}.Release|Any CPU.ActiveCfg = Release|Any CPU
		{B5D6057B-A7BA-4053-886D-ACF8E8813B1B}.Release|Any CPU.Build.0 = Release|Any CPU
	EndGlobalSection
	GlobalSection(SolutionProperties) = preSolution
		HideSolutionNode = FALSE
	EndGlobalSection
	GlobalSection(ExtensibilityGlobals) = postSolution
		SolutionGuid = {4AE15B9E-2C10-4A40-AC73-1175B45DFDA7}
	EndGlobalSection
EndGlobal
